
Microsoft Visual Studio Solution File, Format Version 12.00
# Visual Studio Version 16
VisualStudioVersion = 16.0.29709.97
MinimumVisualStudioVersion = 10.0.40219.1
Project("{8BC9CEB8-8B4A-11D0-8D11-00A0C91BC942}") = "MotorCasaPaco", "projects\Application\Application.vcxproj", "{C4A900CC-8FE8-470D-B4FA-9B9ABF2FCB2B}"
EndProject
Project("{8BC9CEB8-8B4A-11D0-8D11-00A0C91BC942}") = "TestDemo", "testDemo\TestDemo.vcxproj", "{A73DD913-BC81-43A1-B6B4-0031A0D5D5B4}"
	ProjectSection(ProjectDependencies) = postProject
		{C4A900CC-8FE8-470D-B4FA-9B9ABF2FCB2B} = {C4A900CC-8FE8-470D-B4FA-9B9ABF2FCB2B}
	EndProjectSection
EndProject
Global
	GlobalSection(SolutionConfigurationPlatforms) = preSolution
		Debug|x64 = Debug|x64
		Debug|x86 = Debug|x86
		Release|x64 = Release|x64
		Release|x86 = Release|x86
	EndGlobalSection
	GlobalSection(ProjectConfigurationPlatforms) = postSolution
		{C4A900CC-8FE8-470D-B4FA-9B9ABF2FCB2B}.Debug|x64.ActiveCfg = Debug|x64
		{C4A900CC-8FE8-470D-B4FA-9B9ABF2FCB2B}.Debug|x64.Build.0 = Debug|x64
		{C4A900CC-8FE8-470D-B4FA-9B9ABF2FCB2B}.Debug|x86.ActiveCfg = Debug|Win32
		{C4A900CC-8FE8-470D-B4FA-9B9ABF2FCB2B}.Debug|x86.Build.0 = Debug|Win32
		{C4A900CC-8FE8-470D-B4FA-9B9ABF2FCB2B}.Release|x64.ActiveCfg = Release|x64
		{C4A900CC-8FE8-470D-B4FA-9B9ABF2FCB2B}.Release|x64.Build.0 = Release|x64
		{C4A900CC-8FE8-470D-B4FA-9B9ABF2FCB2B}.Release|x86.ActiveCfg = Release|Win32
		{C4A900CC-8FE8-470D-B4FA-9B9ABF2FCB2B}.Release|x86.Build.0 = Release|Win32
		{A73DD913-BC81-43A1-B6B4-0031A0D5D5B4}.Debug|x64.ActiveCfg = Debug|x64
		{A73DD913-BC81-43A1-B6B4-0031A0D5D5B4}.Debug|x64.Build.0 = Debug|x64
		{A73DD913-BC81-43A1-B6B4-0031A0D5D5B4}.Debug|x86.ActiveCfg = Debug|Win32
		{A73DD913-BC81-43A1-B6B4-0031A0D5D5B4}.Debug|x86.Build.0 = Debug|Win32
		{A73DD913-BC81-43A1-B6B4-0031A0D5D5B4}.Release|x64.ActiveCfg = Release|x64
		{A73DD913-BC81-43A1-B6B4-0031A0D5D5B4}.Release|x64.Build.0 = Release|x64
		{A73DD913-BC81-43A1-B6B4-0031A0D5D5B4}.Release|x86.ActiveCfg = Release|Win32
		{A73DD913-BC81-43A1-B6B4-0031A0D5D5B4}.Release|x86.Build.0 = Release|Win32
	EndGlobalSection
	GlobalSection(SolutionProperties) = preSolution
		HideSolutionNode = FALSE
	EndGlobalSection
	GlobalSection(ExtensibilityGlobals) = postSolution
		SolutionGuid = {16DC9D04-F3DC-4D9E-ACEA-464978AEF4A3}
	EndGlobalSection
EndGlobal
