<?xml version="1.0" encoding="utf-8"?>
<Project ToolsVersion="4.0" xmlns="http://schemas.microsoft.com/developer/msbuild/2003">
  <ItemGroup>
    <ClCompile Include="..\..\src\Application\Application.cpp" />
    <ClCompile Include="..\..\src\Application\Component.cpp" />
    <ClCompile Include="..\..\src\Application\Entity.cpp" />
    <ClCompile Include="..\..\src\Application\Factory.cpp" />
    <ClCompile Include="..\..\src\Application\Core.cpp" />
    <ClCompile Include="..\..\src\Application\ResourceManager.cpp" />
    <ClCompile Include="..\..\src\Application\InputManager.cpp" />
    <ClCompile Include="..\..\src\Application\PhysicsManager.cpp" />
    <ClCompile Include="..\..\src\Application\SceneManager.cpp" />
    <ClCompile Include="..\..\src\Application\AudioManager.cpp" />
    <ClCompile Include="..\..\src\Application\EventManager.cpp" />
    <ClCompile Include="..\..\src\Application\Scene.cpp" />
    <ClCompile Include="..\..\src\Application\JsonFactoryParser.cpp" />
    <ClCompile Include="..\..\src\Application\Transform.cpp" />
    <ClCompile Include="..\..\src\Application\RigidBody.cpp" />
    <ClCompile Include="..\..\src\Application\Mesh.cpp" />
    <ClCompile Include="..\..\dependencies\btogre\src\BtOgre.cpp" />
    <ClCompile Include="..\..\src\Application\SGTechniqueResolverListener.cpp" />
    <ClCompile Include="..\..\src\Application\Camera.cpp" />
    <ClCompile Include="..\..\src\Application\AudioComponent.cpp" />
    <ClCompile Include="..\..\src\Application\AudioListenerComponent.cpp" />
    <ClCompile Include="..\..\src\Application\TerrainRotation.cpp" />
    <ClCompile Include="..\..\src\Application\SimpleMovement.cpp" />
    <ClCompile Include="..\..\src\Application\ForcesTest.cpp" />
  </ItemGroup>
  <ItemGroup>
    <ClInclude Include="..\..\src\Application\Component.h" />
    <ClInclude Include="..\..\src\Application\Entity.h" />
    <ClInclude Include="..\..\src\Application\Factory.h" />
    <ClInclude Include="..\..\src\Application\Core.h" />
    <ClInclude Include="..\..\src\Application\ResourceManager.h" />
    <ClInclude Include="..\..\src\Application\InputManager.h" />
    <ClInclude Include="..\..\src\Application\PhysicsManager.h" />
    <ClInclude Include="..\..\src\Application\SceneManager.h" />
    <ClInclude Include="..\..\src\Application\AudioManager.h" />
    <ClInclude Include="..\..\src\Application\Event.h" />
    <ClInclude Include="..\..\src\Application\EventListener.h" />
    <ClInclude Include="..\..\src\Application\EventManager.h" />
    <ClInclude Include="..\..\src\Application\Scene.h" />
    <ClInclude Include="..\..\src\Application\JsonFactoryParser.h" />
    <ClInclude Include="..\..\src\Application\Transform.h" />
    <ClInclude Include="..\..\src\Application\RigidBody.h" />
    <ClInclude Include="..\..\src\Application\Mesh.h" />
    <ClInclude Include="..\..\src\Application\SGTechniqueResolverListener.h" />
    <ClInclude Include="..\..\src\Application\Camera.h" />
    <ClInclude Include="..\..\src\Application\AudioComponent.h" />
    <ClInclude Include="..\..\src\Application\AudioListenerComponent.h" />
    <ClInclude Include="..\..\src\Application\TerrainRotation.h" />
    <ClInclude Include="..\..\src\Application\SimpleMovement.h" />
    <ClInclude Include="..\..\src\Application\ForcesTest.h" />
  </ItemGroup>
</Project>