<?xml version="1.0" encoding="utf-8"?>
<Project ToolsVersion="4.0" xmlns="http://schemas.microsoft.com/developer/msbuild/2003">
  <ItemGroup>
    <ClCompile Include="..\..\src\Audio\AudioComponent.cpp">
      <Filter>Audio</Filter>
    </ClCompile>
    <ClCompile Include="..\..\src\Audio\AudioListenerComponent.cpp">
      <Filter>Audio</Filter>
    </ClCompile>
    <ClCompile Include="..\..\src\Audio\AudioManager.cpp">
      <Filter>Audio</Filter>
    </ClCompile>
    <ClCompile Include="..\..\src\Events\EventManager.cpp">
      <Filter>Events</Filter>
    </ClCompile>
    <ClCompile Include="..\..\src\Entity\Entity.cpp">
      <Filter>Entity</Filter>
    </ClCompile>
    <ClCompile Include="..\..\src\Entity\Component.cpp">
      <Filter>Entity</Filter>
    </ClCompile>
    <ClCompile Include="..\..\src\Entity\Factory.cpp">
      <Filter>Entity</Filter>
    </ClCompile>
    <ClCompile Include="..\..\src\GUI\GUI_Element.cpp">
      <Filter>GUI</Filter>
    </ClCompile>
    <ClCompile Include="..\..\src\GUI\GUI_Manager.cpp">
      <Filter>GUI</Filter>
    </ClCompile>
    <ClCompile Include="..\..\src\Others\ForcesTest.cpp">
      <Filter>Others</Filter>
    </ClCompile>
    <ClCompile Include="..\..\src\Graphics\Camera.cpp">
      <Filter>Graphics</Filter>
    </ClCompile>
    <ClCompile Include="..\..\src\Input\InputManager.cpp">
      <Filter>Input</Filter>
    </ClCompile>
    <ClCompile Include="..\..\src\Scene\JsonFactoryParser.cpp">
      <Filter>Scene</Filter>
    </ClCompile>
    <ClCompile Include="..\..\src\Graphics\Light.cpp">
      <Filter>Graphics</Filter>
    </ClCompile>
    <ClCompile Include="..\..\src\Graphics\Mesh.cpp">
      <Filter>Graphics</Filter>
    </ClCompile>
    <ClCompile Include="..\..\src\Physics\PhysicsManager.cpp">
      <Filter>Physics</Filter>
    </ClCompile>
    <ClCompile Include="..\..\src\Resources\ResourceManager.cpp">
      <Filter>Resources</Filter>
    </ClCompile>
    <ClCompile Include="..\..\src\Physics\RigidBody.cpp">
      <Filter>Physics</Filter>
    </ClCompile>
    <ClCompile Include="..\..\src\Scene\Scene.cpp">
      <Filter>Scene</Filter>
    </ClCompile>
    <ClCompile Include="..\..\src\Scene\SceneManager.cpp">
      <Filter>Scene</Filter>
    </ClCompile>
    <ClCompile Include="..\..\src\Graphics\SGTechniqueResolverListener.cpp">
      <Filter>Graphics</Filter>
    </ClCompile>
    <ClCompile Include="..\..\src\Others\SimpleMovement.cpp">
      <Filter>Others</Filter>
    </ClCompile>
    <ClCompile Include="..\..\src\Others\TerrainRotation.cpp">
      <Filter>Others</Filter>
    </ClCompile>
    <ClCompile Include="..\..\src\Others\TestComponent.cpp">
      <Filter>Others</Filter>
    </ClCompile>
    <ClCompile Include="..\..\src\Entity\Transform.cpp">
      <Filter>Entity</Filter>
    </ClCompile>
    <ClCompile Include="..\..\dependencies\btogre\src\BtOgre.cpp">
      <Filter>Others</Filter>
    </ClCompile>
    <ClCompile Include="..\..\src\MotorCasaPaco.cpp" />
    <ClCompile Include="..\..\src\Scene\Skybox.cpp">
      <Filter>Scene</Filter>
    </ClCompile>
    <ClCompile Include="..\..\src\Others\PacoConversions.cpp">
      <Filter>Others</Filter>
    </ClCompile>
    <ClCompile Include="..\..\src\Graphics\PacoFrameListener.cpp">
      <Filter>Graphics</Filter>
    </ClCompile>
  </ItemGroup>
  <ItemGroup>
    <ClInclude Include="..\..\include\Audio\AudioManager.h">
      <Filter>Audio</Filter>
    </ClInclude>
    <ClInclude Include="..\..\include\Audio\AudioComponent.h">
      <Filter>Audio</Filter>
    </ClInclude>
    <ClInclude Include="..\..\include\Audio\AudioListenerComponent.h">
      <Filter>Audio</Filter>
    </ClInclude>
    <ClInclude Include="..\..\include\Events\Event.h">
      <Filter>Events</Filter>
    </ClInclude>
    <ClInclude Include="..\..\include\Events\EventListener.h">
      <Filter>Events</Filter>
    </ClInclude>
    <ClInclude Include="..\..\include\Events\EventManager.h">
      <Filter>Events</Filter>
    </ClInclude>
    <ClInclude Include="..\..\include\Entity\Entity.h">
      <Filter>Entity</Filter>
    </ClInclude>
    <ClInclude Include="..\..\include\Entity\Component.h">
      <Filter>Entity</Filter>
    </ClInclude>
    <ClInclude Include="..\..\include\Entity\Factory.h">
      <Filter>Entity</Filter>
    </ClInclude>
    <ClInclude Include="..\..\include\GUI\GUI_Element.h">
      <Filter>GUI</Filter>
    </ClInclude>
    <ClInclude Include="..\..\include\GUI\GUI_Manager.h">
      <Filter>GUI</Filter>
    </ClInclude>
    <ClInclude Include="..\..\include\Others\ForcesTest.h">
      <Filter>Others</Filter>
    </ClInclude>
    <ClInclude Include="..\..\include\Graphics\Camera.h">
      <Filter>Graphics</Filter>
    </ClInclude>
    <ClInclude Include="..\..\include\Input\InputManager.h">
      <Filter>Input</Filter>
    </ClInclude>
    <ClInclude Include="..\..\include\Scene\JsonFactoryParser.h">
      <Filter>Scene</Filter>
    </ClInclude>
    <ClInclude Include="..\..\include\Graphics\Mesh.h">
      <Filter>Graphics</Filter>
    </ClInclude>
    <ClInclude Include="..\..\include\Graphics\Light.h">
      <Filter>Graphics</Filter>
    </ClInclude>
    <ClInclude Include="..\..\include\Physics\PhysicsManager.h">
      <Filter>Physics</Filter>
    </ClInclude>
    <ClInclude Include="..\..\include\Resources\ResourceManager.h">
      <Filter>Resources</Filter>
    </ClInclude>
    <ClInclude Include="..\..\include\Physics\RigidBody.h">
      <Filter>Physics</Filter>
    </ClInclude>
    <ClInclude Include="..\..\include\Scene\Scene.h">
      <Filter>Scene</Filter>
    </ClInclude>
    <ClInclude Include="..\..\include\Scene\SceneManager.h">
      <Filter>Scene</Filter>
    </ClInclude>
    <ClInclude Include="..\..\include\Graphics\SGTechniqueResolverListener.h">
      <Filter>Graphics</Filter>
    </ClInclude>
    <ClInclude Include="..\..\include\Others\SimpleMovement.h">
      <Filter>Others</Filter>
    </ClInclude>
    <ClInclude Include="..\..\include\Others\TerrainRotation.h">
      <Filter>Others</Filter>
    </ClInclude>
    <ClInclude Include="..\..\include\Others\TestComponent.h">
      <Filter>Others</Filter>
    </ClInclude>
    <ClInclude Include="..\..\include\Entity\Transform.h">
      <Filter>Entity</Filter>
    </ClInclude>
    <ClInclude Include="..\..\include\MotorCasaPaco.h" />
    <ClInclude Include="..\..\include\Scene\Skybox.h">
      <Filter>Scene</Filter>
    </ClInclude>
    <ClInclude Include="..\..\include\Others\Matrix3x3.hpp">
      <Filter>Others</Filter>
    </ClInclude>
    <ClInclude Include="..\..\include\Others\Quaternion.hpp">
      <Filter>Others</Filter>
    </ClInclude>
    <ClInclude Include="..\..\include\Others\Vector3.hpp">
      <Filter>Others</Filter>
    </ClInclude>
    <ClInclude Include="..\..\include\Others\General.h">
      <Filter>Others</Filter>
    </ClInclude>
    <ClInclude Include="..\..\include\Others\PacoConversions.h">
      <Filter>Others</Filter>
    </ClInclude>
    <ClInclude Include="..\..\include\Input\PacoKeys.h">
      <Filter>Input</Filter>
    </ClInclude>
    <ClInclude Include="..\..\include\Graphics\PacoFrameListener.h">
      <Filter>Graphics</Filter>
    </ClInclude>
  </ItemGroup>
  <ItemGroup>
    <Filter Include="Audio">
      <UniqueIdentifier>{321633f3-ee74-4d36-ad7f-3a81620f811d}</UniqueIdentifier>
    </Filter>
    <Filter Include="Entity">
      <UniqueIdentifier>{84fc6324-f241-47f4-9ae0-208b33bf8fd0}</UniqueIdentifier>
    </Filter>
    <Filter Include="Events">
      <UniqueIdentifier>{f275d6ca-1b10-4555-8d6d-1eea78e8f0b2}</UniqueIdentifier>
    </Filter>
    <Filter Include="Graphics">
      <UniqueIdentifier>{cbf034d1-4363-4126-baf1-6a99c6e10bdf}</UniqueIdentifier>
    </Filter>
    <Filter Include="GUI">
      <UniqueIdentifier>{901b5d8d-c020-44a9-b7b1-e2958fe09eee}</UniqueIdentifier>
    </Filter>
    <Filter Include="Input">
      <UniqueIdentifier>{5f2d309e-e4aa-4f04-8abe-4d067af7276b}</UniqueIdentifier>
    </Filter>
    <Filter Include="Others">
      <UniqueIdentifier>{54bbe2c5-e4fe-4cba-a778-ff131dfd968c}</UniqueIdentifier>
    </Filter>
    <Filter Include="Physics">
      <UniqueIdentifier>{6b87e28a-40ca-41c6-a261-fb518f8c4953}</UniqueIdentifier>
    </Filter>
    <Filter Include="Resources">
      <UniqueIdentifier>{847e5fe9-baf8-4d13-a57b-23508e08297d}</UniqueIdentifier>
    </Filter>
    <Filter Include="Scene">
      <UniqueIdentifier>{d2c8a5db-0181-4e85-b064-7c9312a19d6a}</UniqueIdentifier>
    </Filter>
  </ItemGroup>
</Project>